
Microsoft Visual Studio Solution File, Format Version 12.00
# Visual Studio Version 16
VisualStudioVersion = 16.0.30104.148
MinimumVisualStudioVersion = 10.0.40219.1
Project("{FAE04EC0-301F-11D3-BF4B-00C04F79EFBC}") = "lil_JIRA", "lil_JIRA.csproj", "{D80E46E8-4D0D-4840-926A-A158A14640B2}"
EndProject
Global
	GlobalSection(SolutionConfigurationPlatforms) = preSolution
		Debug|Any CPU = Debug|Any CPU
		Release|Any CPU = Release|Any CPU
	EndGlobalSection
	GlobalSection(ProjectConfigurationPlatforms) = postSolution
		{D80E46E8-4D0D-4840-926A-A158A14640B2}.Debug|Any CPU.ActiveCfg = Debug|Any CPU
		{D80E46E8-4D0D-4840-926A-A158A14640B2}.Debug|Any CPU.Build.0 = Debug|Any CPU
		{D80E46E8-4D0D-4840-926A-A158A14640B2}.Release|Any CPU.ActiveCfg = Release|Any CPU
		{D80E46E8-4D0D-4840-926A-A158A14640B2}.Release|Any CPU.Build.0 = Release|Any CPU
	EndGlobalSection
	GlobalSection(SolutionProperties) = preSolution
		HideSolutionNode = FALSE
	EndGlobalSection
	GlobalSection(ExtensibilityGlobals) = postSolution
		SolutionGuid = {0EFEF635-FF91-4D7E-88A0-232094EB2FAC}
	EndGlobalSection
EndGlobal
